// !$*UTF8*$!
{
	archiveVersion = 1;
	classes = {
	};
	objectVersion = 56;
	objects = {

/* Begin PBXBuildFile section */
		EB9817D6296EAFB000378772 /* DemoFramwork.docc in Sources */ = {isa = PBXBuildFile; fileRef = EB9817D5296EAFB000378772 /* DemoFramwork.docc */; };
		EB9817DC296EAFB000378772 /* DemoFramwork.framework in Frameworks */ = {isa = PBXBuildFile; fileRef = EB9817D1296EAFB000378772 /* DemoFramwork.framework */; };
		EB9817E1296EAFB000378772 /* DemoFramworkTests.swift in Sources */ = {isa = PBXBuildFile; fileRef = EB9817E0296EAFB000378772 /* DemoFramworkTests.swift */; };
		EB9817E2296EAFB000378772 /* DemoFramwork.h in Headers */ = {isa = PBXBuildFile; fileRef = EB9817D4296EAFB000378772 /* DemoFramwork.h */; settings = {ATTRIBUTES = (Public, ); }; };
		EB9817F2296EB0D600378772 /* AppDelegate.swift in Sources */ = {isa = PBXBuildFile; fileRef = EB9817F1296EB0D600378772 /* AppDelegate.swift */; };
		EB9817F4296EB0D600378772 /* SceneDelegate.swift in Sources */ = {isa = PBXBuildFile; fileRef = EB9817F3296EB0D600378772 /* SceneDelegate.swift */; };
		EB9817F6296EB0D600378772 /* ViewController.swift in Sources */ = {isa = PBXBuildFile; fileRef = EB9817F5296EB0D600378772 /* ViewController.swift */; };
		EB9817F9296EB0D600378772 /* Main.storyboard in Resources */ = {isa = PBXBuildFile; fileRef = EB9817F7296EB0D600378772 /* Main.storyboard */; };
		EB9817FB296EB0D700378772 /* Assets.xcassets in Resources */ = {isa = PBXBuildFile; fileRef = EB9817FA296EB0D700378772 /* Assets.xcassets */; };
		EB9817FE296EB0D700378772 /* LaunchScreen.storyboard in Resources */ = {isa = PBXBuildFile; fileRef = EB9817FC296EB0D700378772 /* LaunchScreen.storyboard */; };
/* End PBXBuildFile section */

/* Begin PBXContainerItemProxy section */
		EB9817DD296EAFB000378772 /* PBXContainerItemProxy */ = {
			isa = PBXContainerItemProxy;
			containerPortal = EB9817C8296EAFAF00378772 /* Project object */;
			proxyType = 1;
			remoteGlobalIDString = EB9817D0296EAFB000378772;
			remoteInfo = DemoFramwork;
		};
/* End PBXContainerItemProxy section */

/* Begin PBXFileReference section */
		EB9817D1296EAFB000378772 /* DemoFramwork.framework */ = {isa = PBXFileReference; explicitFileType = wrapper.framework; includeInIndex = 0; path = DemoFramwork.framework; sourceTree = BUILT_PRODUCTS_DIR; };
		EB9817D4296EAFB000378772 /* DemoFramwork.h */ = {isa = PBXFileReference; lastKnownFileType = sourcecode.c.h; path = DemoFramwork.h; sourceTree = "<group>"; };
		EB9817D5296EAFB000378772 /* DemoFramwork.docc */ = {isa = PBXFileReference; lastKnownFileType = folder.documentationcatalog; path = DemoFramwork.docc; sourceTree = "<group>"; };
		EB9817DB296EAFB000378772 /* DemoFramworkTests.xctest */ = {isa = PBXFileReference; explicitFileType = wrapper.cfbundle; includeInIndex = 0; path = DemoFramworkTests.xctest; sourceTree = BUILT_PRODUCTS_DIR; };
		EB9817E0296EAFB000378772 /* DemoFramworkTests.swift */ = {isa = PBXFileReference; lastKnownFileType = sourcecode.swift; path = DemoFramworkTests.swift; sourceTree = "<group>"; };
		EB9817EF296EB0D500378772 /* DemoExamples.app */ = {isa = PBXFileReference; explicitFileType = wrapper.application; includeInIndex = 0; path = DemoExamples.app; sourceTree = BUILT_PRODUCTS_DIR; };
		EB9817F1296EB0D600378772 /* AppDelegate.swift */ = {isa = PBXFileReference; lastKnownFileType = sourcecode.swift; path = AppDelegate.swift; sourceTree = "<group>"; };
		EB9817F3296EB0D600378772 /* SceneDelegate.swift */ = {isa = PBXFileReference; lastKnownFileType = sourcecode.swift; path = SceneDelegate.swift; sourceTree = "<group>"; };
		EB9817F5296EB0D600378772 /* ViewController.swift */ = {isa = PBXFileReference; lastKnownFileType = sourcecode.swift; path = ViewController.swift; sourceTree = "<group>"; };
		EB9817F8296EB0D600378772 /* Base */ = {isa = PBXFileReference; lastKnownFileType = file.storyboard; name = Base; path = Base.lproj/Main.storyboard; sourceTree = "<group>"; };
		EB9817FA296EB0D700378772 /* Assets.xcassets */ = {isa = PBXFileReference; lastKnownFileType = folder.assetcatalog; path = Assets.xcassets; sourceTree = "<group>"; };
		EB9817FD296EB0D700378772 /* Base */ = {isa = PBXFileReference; lastKnownFileType = file.storyboard; name = Base; path = Base.lproj/LaunchScreen.storyboard; sourceTree = "<group>"; };
		EB9817FF296EB0D700378772 /* Info.plist */ = {isa = PBXFileReference; lastKnownFileType = text.plist.xml; path = Info.plist; sourceTree = "<group>"; };
/* End PBXFileReference section */

/* Begin PBXFrameworksBuildPhase section */
		EB9817CE296EAFB000378772 /* Frameworks */ = {
			isa = PBXFrameworksBuildPhase;
			buildActionMask = 2147483647;
			files = (
			);
			runOnlyForDeploymentPostprocessing = 0;
		};
		EB9817D8296EAFB000378772 /* Frameworks */ = {
			isa = PBXFrameworksBuildPhase;
			buildActionMask = 2147483647;
			files = (
				EB9817DC296EAFB000378772 /* DemoFramwork.framework in Frameworks */,
			);
			runOnlyForDeploymentPostprocessing = 0;
		};
		EB9817EC296EB0D500378772 /* Frameworks */ = {
			isa = PBXFrameworksBuildPhase;
			buildActionMask = 2147483647;
			files = (
			);
			runOnlyForDeploymentPostprocessing = 0;
		};
/* End PBXFrameworksBuildPhase section */

/* Begin PBXGroup section */
		EB9817C7296EAFAF00378772 = {
			isa = PBXGroup;
			children = (
				EB9817D3296EAFB000378772 /* DemoFramwork */,
				EB9817DF296EAFB000378772 /* DemoFramworkTests */,
				EB9817F0296EB0D600378772 /* DemoExamples */,
				EB9817D2296EAFB000378772 /* Products */,
			);
			sourceTree = "<group>";
		};
		EB9817D2296EAFB000378772 /* Products */ = {
			isa = PBXGroup;
			children = (
				EB9817D1296EAFB000378772 /* DemoFramwork.framework */,
				EB9817DB296EAFB000378772 /* DemoFramworkTests.xctest */,
				EB9817EF296EB0D500378772 /* DemoExamples.app */,
			);
			name = Products;
			sourceTree = "<group>";
		};
		EB9817D3296EAFB000378772 /* DemoFramwork */ = {
			isa = PBXGroup;
			children = (
				EB9817D4296EAFB000378772 /* DemoFramwork.h */,
				EB9817D5296EAFB000378772 /* DemoFramwork.docc */,
			);
			path = DemoFramwork;
			sourceTree = "<group>";
		};
		EB9817DF296EAFB000378772 /* DemoFramworkTests */ = {
			isa = PBXGroup;
			children = (
				EB9817E0296EAFB000378772 /* DemoFramworkTests.swift */,
			);
			path = DemoFramworkTests;
			sourceTree = "<group>";
		};
		EB9817F0296EB0D600378772 /* DemoExamples */ = {
			isa = PBXGroup;
			children = (
				EB9817F1296EB0D600378772 /* AppDelegate.swift */,
				EB9817F3296EB0D600378772 /* SceneDelegate.swift */,
				EB9817F5296EB0D600378772 /* ViewController.swift */,
				EB9817F7296EB0D600378772 /* Main.storyboard */,
				EB9817FA296EB0D700378772 /* Assets.xcassets */,
				EB9817FC296EB0D700378772 /* LaunchScreen.storyboard */,
				EB9817FF296EB0D700378772 /* Info.plist */,
			);
			path = DemoExamples;
			sourceTree = "<group>";
		};
/* End PBXGroup section */

/* Begin PBXHeadersBuildPhase section */
		EB9817CC296EAFB000378772 /* Headers */ = {
			isa = PBXHeadersBuildPhase;
			buildActionMask = 2147483647;
			files = (
				EB9817E2296EAFB000378772 /* DemoFramwork.h in Headers */,
			);
			runOnlyForDeploymentPostprocessing = 0;
		};
/* End PBXHeadersBuildPhase section */

/* Begin PBXNativeTarget section */
		EB9817D0296EAFB000378772 /* DemoFramwork */ = {
			isa = PBXNativeTarget;
			buildConfigurationList = EB9817E5296EAFB000378772 /* Build configuration list for PBXNativeTarget "DemoFramwork" */;
			buildPhases = (
				EB9817CC296EAFB000378772 /* Headers */,
				EB9817CD296EAFB000378772 /* Sources */,
				EB9817CE296EAFB000378772 /* Frameworks */,
				EB9817CF296EAFB000378772 /* Resources */,
			);
			buildRules = (
			);
			dependencies = (
			);
			name = DemoFramwork;
			productName = DemoFramwork;
			productReference = EB9817D1296EAFB000378772 /* DemoFramwork.framework */;
			productType = "com.apple.product-type.framework";
		};
		EB9817DA296EAFB000378772 /* DemoFramworkTests */ = {
			isa = PBXNativeTarget;
			buildConfigurationList = EB9817E8296EAFB000378772 /* Build configuration list for PBXNativeTarget "DemoFramworkTests" */;
			buildPhases = (
				EB9817D7296EAFB000378772 /* Sources */,
				EB9817D8296EAFB000378772 /* Frameworks */,
				EB9817D9296EAFB000378772 /* Resources */,
			);
			buildRules = (
			);
			dependencies = (
				EB9817DE296EAFB000378772 /* PBXTargetDependency */,
			);
			name = DemoFramworkTests;
			productName = DemoFramworkTests;
			productReference = EB9817DB296EAFB000378772 /* DemoFramworkTests.xctest */;
			productType = "com.apple.product-type.bundle.unit-test";
		};
		EB9817EE296EB0D500378772 /* DemoExamples */ = {
			isa = PBXNativeTarget;
			buildConfigurationList = EB981800296EB0D700378772 /* Build configuration list for PBXNativeTarget "DemoExamples" */;
			buildPhases = (
				EB9817EB296EB0D500378772 /* Sources */,
				EB9817EC296EB0D500378772 /* Frameworks */,
				EB9817ED296EB0D500378772 /* Resources */,
			);
			buildRules = (
			);
			dependencies = (
			);
			name = DemoExamples;
			productName = DemoExamples;
			productReference = EB9817EF296EB0D500378772 /* DemoExamples.app */;
			productType = "com.apple.product-type.application";
		};
/* End PBXNativeTarget section */

/* Begin PBXProject section */
		EB9817C8296EAFAF00378772 /* Project object */ = {
			isa = PBXProject;
			attributes = {
				BuildIndependentTargetsInParallel = 1;
				LastSwiftUpdateCheck = 1410;
				LastUpgradeCheck = 1410;
				TargetAttributes = {
					EB9817D0296EAFB000378772 = {
						CreatedOnToolsVersion = 14.1;
					};
					EB9817DA296EAFB000378772 = {
						CreatedOnToolsVersion = 14.1;
					};
					EB9817EE296EB0D500378772 = {
						CreatedOnToolsVersion = 14.1;
					};
				};
			};
			buildConfigurationList = EB9817CB296EAFAF00378772 /* Build configuration list for PBXProject "DemoFramwork" */;
			compatibilityVersion = "Xcode 14.0";
			developmentRegion = en;
			hasScannedForEncodings = 0;
			knownRegions = (
				en,
				Base,
			);
			mainGroup = EB9817C7296EAFAF00378772;
			productRefGroup = EB9817D2296EAFB000378772 /* Products */;
			projectDirPath = "";
			projectRoot = "";
			targets = (
				EB9817D0296EAFB000378772 /* DemoFramwork */,
				EB9817DA296EAFB000378772 /* DemoFramworkTests */,
				EB9817EE296EB0D500378772 /* DemoExamples */,
			);
		};
/* End PBXProject section */

/* Begin PBXResourcesBuildPhase section */
		EB9817CF296EAFB000378772 /* Resources */ = {
			isa = PBXResourcesBuildPhase;
			buildActionMask = 2147483647;
			files = (
			);
			runOnlyForDeploymentPostprocessing = 0;
		};
		EB9817D9296EAFB000378772 /* Resources */ = {
			isa = PBXResourcesBuildPhase;
			buildActionMask = 2147483647;
			files = (
			);
			runOnlyForDeploymentPostprocessing = 0;
		};
		EB9817ED296EB0D500378772 /* Resources */ = {
			isa = PBXResourcesBuildPhase;
			buildActionMask = 2147483647;
			files = (
				EB9817FE296EB0D700378772 /* LaunchScreen.storyboard in Resources */,
				EB9817FB296EB0D700378772 /* Assets.xcassets in Resources */,
				EB9817F9296EB0D600378772 /* Main.storyboard in Resources */,
			);
			runOnlyForDeploymentPostprocessing = 0;
		};
/* End PBXResourcesBuildPhase section */

/* Begin PBXSourcesBuildPhase section */
		EB9817CD296EAFB000378772 /* Sources */ = {
			isa = PBXSourcesBuildPhase;
			buildActionMask = 2147483647;
			files = (
				EB9817D6296EAFB000378772 /* DemoFramwork.docc in Sources */,
			);
			runOnlyForDeploymentPostprocessing = 0;
		};
		EB9817D7296EAFB000378772 /* Sources */ = {
			isa = PBXSourcesBuildPhase;
			buildActionMask = 2147483647;
			files = (
				EB9817E1296EAFB000378772 /* DemoFramworkTests.swift in Sources */,
			);
			runOnlyForDeploymentPostprocessing = 0;
		};
		EB9817EB296EB0D500378772 /* Sources */ = {
			isa = PBXSourcesBuildPhase;
			buildActionMask = 2147483647;
			files = (
				EB9817F6296EB0D600378772 /* ViewController.swift in Sources */,
				EB9817F2296EB0D600378772 /* AppDelegate.swift in Sources */,
				EB9817F4296EB0D600378772 /* SceneDelegate.swift in Sources */,
			);
			runOnlyForDeploymentPostprocessing = 0;
		};
/* End PBXSourcesBuildPhase section */

/* Begin PBXTargetDependency section */
		EB9817DE296EAFB000378772 /* PBXTargetDependency */ = {
			isa = PBXTargetDependency;
			target = EB9817D0296EAFB000378772 /* DemoFramwork */;
			targetProxy = EB9817DD296EAFB000378772 /* PBXContainerItemProxy */;
		};
/* End PBXTargetDependency section */

/* Begin PBXVariantGroup section */
		EB9817F7296EB0D600378772 /* Main.storyboard */ = {
			isa = PBXVariantGroup;
			children = (
				EB9817F8296EB0D600378772 /* Base */,
			);
			name = Main.storyboard;
			sourceTree = "<group>";
		};
		EB9817FC296EB0D700378772 /* LaunchScreen.storyboard */ = {
			isa = PBXVariantGroup;
			children = (
				EB9817FD296EB0D700378772 /* Base */,
			);
			name = LaunchScreen.storyboard;
			sourceTree = "<group>";
		};
/* End PBXVariantGroup section */

/* Begin XCBuildConfiguration section */
		EB9817E3296EAFB000378772 /* Debug */ = {
			isa = XCBuildConfiguration;
			buildSettings = {
				ALWAYS_SEARCH_USER_PATHS = NO;
				CLANG_ANALYZER_NONNULL = YES;
				CLANG_ANALYZER_NUMBER_OBJECT_CONVERSION = YES_AGGRESSIVE;
				CLANG_CXX_LANGUAGE_STANDARD = "gnu++20";
				CLANG_ENABLE_MODULES = YES;
				CLANG_ENABLE_OBJC_ARC = YES;
				CLANG_ENABLE_OBJC_WEAK = YES;
				CLANG_WARN_BLOCK_CAPTURE_AUTORELEASING = YES;
				CLANG_WARN_BOOL_CONVERSION = YES;
				CLANG_WARN_COMMA = YES;
				CLANG_WARN_CONSTANT_CONVERSION = YES;
				CLANG_WARN_DEPRECATED_OBJC_IMPLEMENTATIONS = YES;
				CLANG_WARN_DIRECT_OBJC_ISA_USAGE = YES_ERROR;
				CLANG_WARN_DOCUMENTATION_COMMENTS = YES;
				CLANG_WARN_EMPTY_BODY = YES;
				CLANG_WARN_ENUM_CONVERSION = YES;
				CLANG_WARN_INFINITE_RECURSION = YES;
				CLANG_WARN_INT_CONVERSION = YES;
				CLANG_WARN_NON_LITERAL_NULL_CONVERSION = YES;
				CLANG_WARN_OBJC_IMPLICIT_RETAIN_SELF = YES;
				CLANG_WARN_OBJC_LITERAL_CONVERSION = YES;
				CLANG_WARN_OBJC_ROOT_CLASS = YES_ERROR;
				CLANG_WARN_QUOTED_INCLUDE_IN_FRAMEWORK_HEADER = YES;
				CLANG_WARN_RANGE_LOOP_ANALYSIS = YES;
				CLANG_WARN_STRICT_PROTOTYPES = YES;
				CLANG_WARN_SUSPICIOUS_MOVE = YES;
				CLANG_WARN_UNGUARDED_AVAILABILITY = YES_AGGRESSIVE;
				CLANG_WARN_UNREACHABLE_CODE = YES;
				CLANG_WARN__DUPLICATE_METHOD_MATCH = YES;
				COPY_PHASE_STRIP = NO;
				CURRENT_PROJECT_VERSION = 1;
				DEBUG_INFORMATION_FORMAT = dwarf;
				ENABLE_STRICT_OBJC_MSGSEND = YES;
				ENABLE_TESTABILITY = YES;
				GCC_C_LANGUAGE_STANDARD = gnu11;
				GCC_DYNAMIC_NO_PIC = NO;
				GCC_NO_COMMON_BLOCKS = YES;
				GCC_OPTIMIZATION_LEVEL = 0;
				GCC_PREPROCESSOR_DEFINITIONS = (
					"DEBUG=1",
					"$(inherited)",
				);
				GCC_WARN_64_TO_32_BIT_CONVERSION = YES;
				GCC_WARN_ABOUT_RETURN_TYPE = YES_ERROR;
				GCC_WARN_UNDECLARED_SELECTOR = YES;
				GCC_WARN_UNINITIALIZED_AUTOS = YES_AGGRESSIVE;
				GCC_WARN_UNUSED_FUNCTION = YES;
				GCC_WARN_UNUSED_VARIABLE = YES;
				IPHONEOS_DEPLOYMENT_TARGET = 16.1;
				MTL_ENABLE_DEBUG_INFO = INCLUDE_SOURCE;
				MTL_FAST_MATH = YES;
				ONLY_ACTIVE_ARCH = YES;
				SDKROOT = iphoneos;
				SWIFT_ACTIVE_COMPILATION_CONDITIONS = DEBUG;
				SWIFT_OPTIMIZATION_LEVEL = "-Onone";
				VERSIONING_SYSTEM = "apple-generic";
				VERSION_INFO_PREFIX = "";
			};
			name = Debug;
		};
		EB9817E4296EAFB000378772 /* Release */ = {
			isa = XCBuildConfiguration;
			buildSettings = {
				ALWAYS_SEARCH_USER_PATHS = NO;
				CLANG_ANALYZER_NONNULL = YES;
				CLANG_ANALYZER_NUMBER_OBJECT_CONVERSION = YES_AGGRESSIVE;
				CLANG_CXX_LANGUAGE_STANDARD = "gnu++20";
				CLANG_ENABLE_MODULES = YES;
				CLANG_ENABLE_OBJC_ARC = YES;
				CLANG_ENABLE_OBJC_WEAK = YES;
				CLANG_WARN_BLOCK_CAPTURE_AUTORELEASING = YES;
				CLANG_WARN_BOOL_CONVERSION = YES;
				CLANG_WARN_COMMA = YES;
				CLANG_WARN_CONSTANT_CONVERSION = YES;
				CLANG_WARN_DEPRECATED_OBJC_IMPLEMENTATIONS = YES;
				CLANG_WARN_DIRECT_OBJC_ISA_USAGE = YES_ERROR;
				CLANG_WARN_DOCUMENTATION_COMMENTS = YES;
				CLANG_WARN_EMPTY_BODY = YES;
				CLANG_WARN_ENUM_CONVERSION = YES;
				CLANG_WARN_INFINITE_RECURSION = YES;
				CLANG_WARN_INT_CONVERSION = YES;
				CLANG_WARN_NON_LITERAL_NULL_CONVERSION = YES;
				CLANG_WARN_OBJC_IMPLICIT_RETAIN_SELF = YES;
				CLANG_WARN_OBJC_LITERAL_CONVERSION = YES;
				CLANG_WARN_OBJC_ROOT_CLASS = YES_ERROR;
				CLANG_WARN_QUOTED_INCLUDE_IN_FRAMEWORK_HEADER = YES;
				CLANG_WARN_RANGE_LOOP_ANALYSIS = YES;
				CLANG_WARN_STRICT_PROTOTYPES = YES;
				CLANG_WARN_SUSPICIOUS_MOVE = YES;
				CLANG_WARN_UNGUARDED_AVAILABILITY = YES_AGGRESSIVE;
				CLANG_WARN_UNREACHABLE_CODE = YES;
				CLANG_WARN__DUPLICATE_METHOD_MATCH = YES;
				COPY_PHASE_STRIP = NO;
				CURRENT_PROJECT_VERSION = 1;
				DEBUG_INFORMATION_FORMAT = "dwarf-with-dsym";
				ENABLE_NS_ASSERTIONS = NO;
				ENABLE_STRICT_OBJC_MSGSEND = YES;
				GCC_C_LANGUAGE_STANDARD = gnu11;
				GCC_NO_COMMON_BLOCKS = YES;
				GCC_WARN_64_TO_32_BIT_CONVERSION = YES;
				GCC_WARN_ABOUT_RETURN_TYPE = YES_ERROR;
				GCC_WARN_UNDECLARED_SELECTOR = YES;
				GCC_WARN_UNINITIALIZED_AUTOS = YES_AGGRESSIVE;
				GCC_WARN_UNUSED_FUNCTION = YES;
				GCC_WARN_UNUSED_VARIABLE = YES;
				IPHONEOS_DEPLOYMENT_TARGET = 16.1;
				MTL_ENABLE_DEBUG_INFO = NO;
				MTL_FAST_MATH = YES;
				SDKROOT = iphoneos;
				SWIFT_COMPILATION_MODE = wholemodule;
				SWIFT_OPTIMIZATION_LEVEL = "-O";
				VALIDATE_PRODUCT = YES;
				VERSIONING_SYSTEM = "apple-generic";
				VERSION_INFO_PREFIX = "";
			};
			name = Release;
		};
		EB9817E6296EAFB000378772 /* Debug */ = {
			isa = XCBuildConfiguration;
			buildSettings = {
				CODE_SIGN_STYLE = Automatic;
				CURRENT_PROJECT_VERSION = 1;
				DEFINES_MODULE = YES;
				DEVELOPMENT_TEAM = U73EK8T94B;
				DYLIB_COMPATIBILITY_VERSION = 1;
				DYLIB_CURRENT_VERSION = 1;
				DYLIB_INSTALL_NAME_BASE = "@rpath";
				GENERATE_INFOPLIST_FILE = YES;
				INFOPLIST_KEY_NSHumanReadableCopyright = "";
				INSTALL_PATH = "$(LOCAL_LIBRARY_DIR)/Frameworks";
				LD_RUNPATH_SEARCH_PATHS = (
					"$(inherited)",
					"@executable_path/Frameworks",
					"@loader_path/Frameworks",
				);
				MARKETING_VERSION = 1.0;
				PRODUCT_BUNDLE_IDENTIFIER = com.truworth.StatusBarDemo.DemoFramwork;
				PRODUCT_NAME = "$(TARGET_NAME:c99extidentifier)";
				SKIP_INSTALL = YES;
				SWIFT_EMIT_LOC_STRINGS = YES;
				SWIFT_VERSION = 5.0;
				TARGETED_DEVICE_FAMILY = "1,2";
			};
			name = Debug;
		};
		EB9817E7296EAFB000378772 /* Release */ = {
			isa = XCBuildConfiguration;
			buildSettings = {
				CODE_SIGN_STYLE = Automatic;
				CURRENT_PROJECT_VERSION = 1;
				DEFINES_MODULE = YES;
				DEVELOPMENT_TEAM = U73EK8T94B;
				DYLIB_COMPATIBILITY_VERSION = 1;
				DYLIB_CURRENT_VERSION = 1;
				DYLIB_INSTALL_NAME_BASE = "@rpath";
				GENERATE_INFOPLIST_FILE = YES;
				INFOPLIST_KEY_NSHumanReadableCopyright = "";
				INSTALL_PATH = "$(LOCAL_LIBRARY_DIR)/Frameworks";
				LD_RUNPATH_SEARCH_PATHS = (
					"$(inherited)",
					"@executable_path/Frameworks",
					"@loader_path/Frameworks",
				);
				MARKETING_VERSION = 1.0;
				PRODUCT_BUNDLE_IDENTIFIER = com.truworth.StatusBarDemo.DemoFramwork;
				PRODUCT_NAME = "$(TARGET_NAME:c99extidentifier)";
				SKIP_INSTALL = YES;
				SWIFT_EMIT_LOC_STRINGS = YES;
				SWIFT_VERSION = 5.0;
				TARGETED_DEVICE_FAMILY = "1,2";
			};
			name = Release;
		};
		EB9817E9296EAFB000378772 /* Debug */ = {
			isa = XCBuildConfiguration;
			buildSettings = {
				CODE_SIGN_STYLE = Automatic;
				CURRENT_PROJECT_VERSION = 1;
				DEVELOPMENT_TEAM = U73EK8T94B;
				GENERATE_INFOPLIST_FILE = YES;
				MARKETING_VERSION = 1.0;
				PRODUCT_BUNDLE_IDENTIFIER = com.truworth.StatusBarDemo.DemoFramworkTests;
				PRODUCT_NAME = "$(TARGET_NAME)";
				SWIFT_EMIT_LOC_STRINGS = NO;
				SWIFT_VERSION = 5.0;
				TARGETED_DEVICE_FAMILY = "1,2";
			};
			name = Debug;
		};
		EB9817EA296EAFB000378772 /* Release */ = {
			isa = XCBuildConfiguration;
			buildSettings = {
				CODE_SIGN_STYLE = Automatic;
				CURRENT_PROJECT_VERSION = 1;
				DEVELOPMENT_TEAM = U73EK8T94B;
				GENERATE_INFOPLIST_FILE = YES;
				MARKETING_VERSION = 1.0;
				PRODUCT_BUNDLE_IDENTIFIER = com.truworth.StatusBarDemo.DemoFramworkTests;
				PRODUCT_NAME = "$(TARGET_NAME)";
				SWIFT_EMIT_LOC_STRINGS = NO;
				SWIFT_VERSION = 5.0;
				TARGETED_DEVICE_FAMILY = "1,2";
			};
			name = Release;
		};
		EB981801296EB0D700378772 /* Debug */ = {
			isa = XCBuildConfiguration;
			buildSettings = {
				ASSETCATALOG_COMPILER_APPICON_NAME = AppIcon;
				ASSETCATALOG_COMPILER_GLOBAL_ACCENT_COLOR_NAME = AccentColor;
				CODE_SIGN_STYLE = Automatic;
				CURRENT_PROJECT_VERSION = 1;
				DEVELOPMENT_TEAM = U73EK8T94B;
				GENERATE_INFOPLIST_FILE = YES;
				INFOPLIST_FILE = DemoExamples/Info.plist;
				INFOPLIST_KEY_UIApplicationSupportsIndirectInputEvents = YES;
				INFOPLIST_KEY_UILaunchStoryboardName = LaunchScreen;
				INFOPLIST_KEY_UIMainStoryboardFile = Main;
				INFOPLIST_KEY_UISupportedInterfaceOrientations_iPad = "UIInterfaceOrientationPortrait UIInterfaceOrientationPortraitUpsideDown UIInterfaceOrientationLandscapeLeft UIInterfaceOrientationLandscapeRight";
				INFOPLIST_KEY_UISupportedInterfaceOrientations_iPhone = "UIInterfaceOrientationPortrait UIInterfaceOrientationLandscapeLeft UIInterfaceOrientationLandscapeRight";
				LD_RUNPATH_SEARCH_PATHS = (
					"$(inherited)",
					"@executable_path/Frameworks",
				);
				MARKETING_VERSION = 1.0;
				PRODUCT_BUNDLE_IDENTIFIER = com.truworth.StatusBarDemo.DemoExamples;
				PRODUCT_NAME = "$(TARGET_NAME)";
				SWIFT_EMIT_LOC_STRINGS = YES;
				SWIFT_VERSION = 5.0;
				TARGETED_DEVICE_FAMILY = "1,2";
			};
			name = Debug;
		};
		EB981802296EB0D700378772 /* Release */ = {
			isa = XCBuildConfiguration;
			buildSettings = {
				ASSETCATALOG_COMPILER_APPICON_NAME = AppIcon;
				ASSETCATALOG_COMPILER_GLOBAL_ACCENT_COLOR_NAME = AccentColor;
				CODE_SIGN_STYLE = Automatic;
				CURRENT_PROJECT_VERSION = 1;
				DEVELOPMENT_TEAM = U73EK8T94B;
				GENERATE_INFOPLIST_FILE = YES;
				INFOPLIST_FILE = DemoExamples/Info.plist;
				INFOPLIST_KEY_UIApplicationSupportsIndirectInputEvents = YES;
				INFOPLIST_KEY_UILaunchStoryboardName = LaunchScreen;
				INFOPLIST_KEY_UIMainStoryboardFile = Main;
				INFOPLIST_KEY_UISupportedInterfaceOrientations_iPad = "UIInterfaceOrientationPortrait UIInterfaceOrientationPortraitUpsideDown UIInterfaceOrientationLandscapeLeft UIInterfaceOrientationLandscapeRight";
				INFOPLIST_KEY_UISupportedInterfaceOrientations_iPhone = "UIInterfaceOrientationPortrait UIInterfaceOrientationLandscapeLeft UIInterfaceOrientationLandscapeRight";
				LD_RUNPATH_SEARCH_PATHS = (
					"$(inherited)",
					"@executable_path/Frameworks",
				);
				MARKETING_VERSION = 1.0;
				PRODUCT_BUNDLE_IDENTIFIER = com.truworth.StatusBarDemo.DemoExamples;
				PRODUCT_NAME = "$(TARGET_NAME)";
				SWIFT_EMIT_LOC_STRINGS = YES;
				SWIFT_VERSION = 5.0;
				TARGETED_DEVICE_FAMILY = "1,2";
			};
			name = Release;
		};
/* End XCBuildConfiguration section */

/* Begin XCConfigurationList section */
		EB9817CB296EAFAF00378772 /* Build configuration list for PBXProject "DemoFramwork" */ = {
			isa = XCConfigurationList;
			buildConfigurations = (
				EB9817E3296EAFB000378772 /* Debug */,
				EB9817E4296EAFB000378772 /* Release */,
			);
			defaultConfigurationIsVisible = 0;
			defaultConfigurationName = Release;
		};
		EB9817E5296EAFB000378772 /* Build configuration list for PBXNativeTarget "DemoFramwork" */ = {
			isa = XCConfigurationList;
			buildConfigurations = (
				EB9817E6296EAFB000378772 /* Debug */,
				EB9817E7296EAFB000378772 /* Release */,
			);
			defaultConfigurationIsVisible = 0;
			defaultConfigurationName = Release;
		};
		EB9817E8296EAFB000378772 /* Build configuration list for PBXNativeTarget "DemoFramworkTests" */ = {
			isa = XCConfigurationList;
			buildConfigurations = (
				EB9817E9296EAFB000378772 /* Debug */,
				EB9817EA296EAFB000378772 /* Release */,
			);
			defaultConfigurationIsVisible = 0;
			defaultConfigurationName = Release;
		};
		EB981800296EB0D700378772 /* Build configuration list for PBXNativeTarget "DemoExamples" */ = {
			isa = XCConfigurationList;
			buildConfigurations = (
				EB981801296EB0D700378772 /* Debug */,
				EB981802296EB0D700378772 /* Release */,
			);
			defaultConfigurationIsVisible = 0;
			defaultConfigurationName = Release;
		};
/* End XCConfigurationList section */
	};
	rootObject = EB9817C8296EAFAF00378772 /* Project object */;
}
